
Microsoft Visual Studio Solution File, Format Version 12.00
# Visual Studio Version 16
VisualStudioVersion = 16.0.29306.81
MinimumVisualStudioVersion = 10.0.40219.1
Project("{9A19103F-16F7-4668-BE54-9A1E7A4F7556}") = "MDSound", "MDSound\MDSound.csproj", "{87A99ABD-5F5F-4221-83E3-741BD8D3692E}"
EndProject
Project("{9A19103F-16F7-4668-BE54-9A1E7A4F7556}") = "test", "test\test.csproj", "{5A99E426-0920-499E-A293-7ECBFFF39008}"
EndProject
Project("{2150E333-8FDC-42A3-9474-1A3956D46DE8}") = "document", "document", "{5C3DE18E-159F-4DF8-8296-624E72623F7F}"
	ProjectSection(SolutionItems) = preProject
		CHANGE.txt = CHANGE.txt
		..\LICENSE.txt = ..\LICENSE.txt
		..\makeZip.bat = ..\makeZip.bat
		..\PSG2.txt = ..\PSG2.txt
		..\README.md = ..\README.md
		..\YM2609.txt = ..\YM2609.txt
	EndProjectSection
EndProject
Project("{FAE04EC0-301F-11D3-BF4B-00C04F79EFBC}") = "MDSound_NET5", "MDSound_NET5\MDSound_NET5.csproj", "{B87C5CE8-EBA3-4784-BEDF-0B4A83D165C3}"
EndProject
Global
	GlobalSection(SolutionConfigurationPlatforms) = preSolution
		Debug|Any CPU = Debug|Any CPU
		Release|Any CPU = Release|Any CPU
	EndGlobalSection
	GlobalSection(ProjectConfigurationPlatforms) = postSolution
		{87A99ABD-5F5F-4221-83E3-741BD8D3692E}.Debug|Any CPU.ActiveCfg = Debug|Any CPU
		{87A99ABD-5F5F-4221-83E3-741BD8D3692E}.Debug|Any CPU.Build.0 = Debug|Any CPU
		{87A99ABD-5F5F-4221-83E3-741BD8D3692E}.Release|Any CPU.ActiveCfg = Release|Any CPU
		{87A99ABD-5F5F-4221-83E3-741BD8D3692E}.Release|Any CPU.Build.0 = Release|Any CPU
		{5A99E426-0920-499E-A293-7ECBFFF39008}.Debug|Any CPU.ActiveCfg = Debug|Any CPU
		{5A99E426-0920-499E-A293-7ECBFFF39008}.Debug|Any CPU.Build.0 = Debug|Any CPU
		{5A99E426-0920-499E-A293-7ECBFFF39008}.Release|Any CPU.ActiveCfg = Release|Any CPU
		{5A99E426-0920-499E-A293-7ECBFFF39008}.Release|Any CPU.Build.0 = Release|Any CPU
		{B87C5CE8-EBA3-4784-BEDF-0B4A83D165C3}.Debug|Any CPU.ActiveCfg = Debug|Any CPU
		{B87C5CE8-EBA3-4784-BEDF-0B4A83D165C3}.Debug|Any CPU.Build.0 = Debug|Any CPU
		{B87C5CE8-EBA3-4784-BEDF-0B4A83D165C3}.Release|Any CPU.ActiveCfg = Release|Any CPU
		{B87C5CE8-EBA3-4784-BEDF-0B4A83D165C3}.Release|Any CPU.Build.0 = Release|Any CPU
	EndGlobalSection
	GlobalSection(SolutionProperties) = preSolution
		HideSolutionNode = FALSE
	EndGlobalSection
	GlobalSection(ExtensibilityGlobals) = postSolution
		SolutionGuid = {4813FEF9-34B3-4A2D-BE6E-7815E94059B7}
	EndGlobalSection
EndGlobal
